{
  "requires": true,
  "lockfileVersion": 1,
  "dependencies": {
    "@paypal/paypal-js": {
      "version": "4.2.2",
      "resolved": "https://registry.npmjs.org/@paypal/paypal-js/-/paypal-js-4.2.2.tgz",
      "integrity": "sha512-Hl/h5DmVPRnMuK99+PuaQS0Ml3F3lgSHYetUiXS/uzaR+YULCZPH1x93UWtYRWFbpFnhmMEBeQUpJBOuXcLrIQ==",
      "requires": {
        "promise-polyfill": "^8.2.1"
      }
    },
    "@paypal/react-paypal-js": {
      "version": "7.5.0",
      "resolved": "https://registry.npmjs.org/@paypal/react-paypal-js/-/react-paypal-js-7.5.0.tgz",
      "integrity": "sha512-QWA0FArj4DG8WcyWZuQ/m7r4tI3Z3AF8Q/1cN8ANjUljjq7crvYu1a7WlRoBiwRQqaERXNjAZ3Ch+f22KRFGMA==",
      "requires": {
        "@paypal/paypal-js": "^4.2.1",
        "@paypal/sdk-constants": "^1.0.110"
      }
    },
    "@paypal/sdk-constants": {
      "version": "1.0.113",
      "resolved": "https://registry.npmjs.org/@paypal/sdk-constants/-/sdk-constants-1.0.113.tgz",
      "integrity": "sha512-Lk4xIy+EqdmAHx2JGiOubd7unzTKge8ktKtV3HA3zi+g2jUWbXMtDE31pXVnE2fU+woFtZifkNHoT7GVHEJlZA==",
      "requires": {
        "cross-domain-utils": "^2.0.10",
        "hi-base32": "^0.5.0",
        "zalgo-promise": "^1.0.28"
      }
    },
    "cross-domain-utils": {
      "version": "2.0.38",
      "resolved": "https://registry.npmjs.org/cross-domain-utils/-/cross-domain-utils-2.0.38.tgz",
      "integrity": "sha512-zZfi3+2EIR9l4chrEiXI2xFleyacsJf8YMLR1eJ0Veb5FTMXeJ3DpxDjZkto2FhL/g717WSELqbptNSo85UJDw==",
      "requires": {
        "zalgo-promise": "^1.0.11"
      }
    },
    "hi-base32": {
      "version": "0.5.1",
      "resolved": "https://registry.npmjs.org/hi-base32/-/hi-base32-0.5.1.tgz",
      "integrity": "sha512-EmBBpvdYh/4XxsnUybsPag6VikPYnN30td+vQk+GI3qpahVEG9+gTkG0aXVxTjBqQ5T6ijbWIu77O+C5WFWsnA=="
    },
    "moment": {
      "version": "2.29.1",
      "resolved": "https://registry.npmjs.org/moment/-/moment-2.29.1.tgz",
      "integrity": "sha512-kHmoybcPV8Sqy59DwNDY3Jefr64lK/by/da0ViFcuA4DH0vQg5Q6Ze5VimxkfQNSC+Mls/Kx53s7TjP1RhFEDQ=="
    },
    "promise-polyfill": {
      "version": "8.2.1",
      "resolved": "https://registry.npmjs.org/promise-polyfill/-/promise-polyfill-8.2.1.tgz",
      "integrity": "sha512-3p9zj0cEHbp7NVUxEYUWjQlffXqnXaZIMPkAO7HhFh8u5636xLRDHOUo2vpWSK0T2mqm6fKLXYn1KP6PAZ2gKg=="
    },
    "zalgo-promise": {
      "version": "1.0.48",
      "resolved": "https://registry.npmjs.org/zalgo-promise/-/zalgo-promise-1.0.48.tgz",
      "integrity": "sha512-LLHANmdm53+MucY9aOFIggzYtUdkSBFxUsy4glTTQYNyK6B3uCPWTbfiGvSrEvLojw0mSzyFJ1/RRLv+QMNdzQ=="
    }
  }
}
